# This file is automatically @generated by Cargo.
# It is not intended for manual editing.
version = 3

[[package]]
name = "boron"
version = "0.1.0"
dependencies = [
 "emitter",
 "parser",
 "tokenizer",
]

[[package]]
name = "emitter"
version = "0.1.0"

[[package]]
name = "parser"
version = "0.1.0"
dependencies = [
 "tokenizer",
]

[[package]]
name = "tokenizer"
version = "0.1.0"
